// !$*UTF8*$!
{
	archiveVersion = 1;
	classes = {
	};
	objectVersion = 46;
	objects = {

/* Begin PBXBuildFile section */
		D9F76939197C6EF40048D450 /* Foundation.framework in Frameworks */ = {isa = PBXBuildFile; fileRef = D9F76938197C6EF40048D450 /* Foundation.framework */; };
		D9F7693B197C6EF40048D450 /* CoreGraphics.framework in Frameworks */ = {isa = PBXBuildFile; fileRef = D9F7693A197C6EF40048D450 /* CoreGraphics.framework */; };
		D9F7693D197C6EF40048D450 /* UIKit.framework in Frameworks */ = {isa = PBXBuildFile; fileRef = D9F7693C197C6EF40048D450 /* UIKit.framework */; };
		D9F76943197C6EF40048D450 /* InfoPlist.strings in Resources */ = {isa = PBXBuildFile; fileRef = D9F76941197C6EF40048D450 /* InfoPlist.strings */; };
		D9F76945197C6EF40048D450 /* main.m in Sources */ = {isa = PBXBuildFile; fileRef = D9F76944197C6EF40048D450 /* main.m */; };
		D9F76949197C6EF40048D450 /* TWAppDelegate.m in Sources */ = {isa = PBXBuildFile; fileRef = D9F76948197C6EF40048D450 /* TWAppDelegate.m */; };
		D9F7694C197C6EF40048D450 /* Main.storyboard in Resources */ = {isa = PBXBuildFile; fileRef = D9F7694A197C6EF40048D450 /* Main.storyboard */; };
		D9F7694F197C6EF40048D450 /* TWFirstViewController.m in Sources */ = {isa = PBXBuildFile; fileRef = D9F7694E197C6EF40048D450 /* TWFirstViewController.m */; };
		D9F76952197C6EF40048D450 /* TWSecondViewController.m in Sources */ = {isa = PBXBuildFile; fileRef = D9F76951197C6EF40048D450 /* TWSecondViewController.m */; };
		D9F76954197C6EF40048D450 /* Images.xcassets in Resources */ = {isa = PBXBuildFile; fileRef = D9F76953197C6EF40048D450 /* Images.xcassets */; };
		D9F7695B197C6EF40048D450 /* XCTest.framework in Frameworks */ = {isa = PBXBuildFile; fileRef = D9F7695A197C6EF40048D450 /* XCTest.framework */; };
		D9F7695C197C6EF40048D450 /* Foundation.framework in Frameworks */ = {isa = PBXBuildFile; fileRef = D9F76938197C6EF40048D450 /* Foundation.framework */; };
		D9F7695D197C6EF40048D450 /* UIKit.framework in Frameworks */ = {isa = PBXBuildFile; fileRef = D9F7693C197C6EF40048D450 /* UIKit.framework */; };
		D9F76965197C6EF40048D450 /* InfoPlist.strings in Resources */ = {isa = PBXBuildFile; fileRef = D9F76963197C6EF40048D450 /* InfoPlist.strings */; };
		D9F76967197C6EF40048D450 /* ApplicatinmatchTests.m in Sources */ = {isa = PBXBuildFile; fileRef = D9F76966197C6EF40048D450 /* ApplicatinmatchTests.m */; };
/* End PBXBuildFile section */

/* Begin PBXContainerItemProxy section */
		D9F7695E197C6EF40048D450 /* PBXContainerItemProxy */ = {
			isa = PBXContainerItemProxy;
			containerPortal = D9F7692D197C6EF40048D450 /* Project object */;
			proxyType = 1;
			remoteGlobalIDString = D9F76934197C6EF40048D450;
			remoteInfo = Applicatinmatch;
		};
/* End PBXContainerItemProxy section */

/* Begin PBXFileReference section */
		D9F76935197C6EF40048D450 /* Applicatinmatch.app */ = {isa = PBXFileReference; explicitFileType = wrapper.application; includeInIndex = 0; path = Applicatinmatch.app; sourceTree = BUILT_PRODUCTS_DIR; };
		D9F76938197C6EF40048D450 /* Foundation.framework */ = {isa = PBXFileReference; lastKnownFileType = wrapper.framework; name = Foundation.framework; path = System/Library/Frameworks/Foundation.framework; sourceTree = SDKROOT; };
		D9F7693A197C6EF40048D450 /* CoreGraphics.framework */ = {isa = PBXFileReference; lastKnownFileType = wrapper.framework; name = CoreGraphics.framework; path = System/Library/Frameworks/CoreGraphics.framework; sourceTree = SDKROOT; };
		D9F7693C197C6EF40048D450 /* UIKit.framework */ = {isa = PBXFileReference; lastKnownFileType = wrapper.framework; name = UIKit.framework; path = System/Library/Frameworks/UIKit.framework; sourceTree = SDKROOT; };
		D9F76940197C6EF40048D450 /* Applicatinmatch-Info.plist */ = {isa = PBXFileReference; lastKnownFileType = text.plist.xml; path = "Applicatinmatch-Info.plist"; sourceTree = "<group>"; };
		D9F76942197C6EF40048D450 /* en */ = {isa = PBXFileReference; lastKnownFileType = text.plist.strings; name = en; path = en.lproj/InfoPlist.strings; sourceTree = "<group>"; };
		D9F76944197C6EF40048D450 /* main.m */ = {isa = PBXFileReference; lastKnownFileType = sourcecode.c.objc; path = main.m; sourceTree = "<group>"; };
		D9F76946197C6EF40048D450 /* Applicatinmatch-Prefix.pch */ = {isa = PBXFileReference; lastKnownFileType = sourcecode.c.h; path = "Applicatinmatch-Prefix.pch"; sourceTree = "<group>"; };
		D9F76947197C6EF40048D450 /* TWAppDelegate.h */ = {isa = PBXFileReference; lastKnownFileType = sourcecode.c.h; path = TWAppDelegate.h; sourceTree = "<group>"; };
		D9F76948197C6EF40048D450 /* TWAppDelegate.m */ = {isa = PBXFileReference; lastKnownFileType = sourcecode.c.objc; path = TWAppDelegate.m; sourceTree = "<group>"; };
		D9F7694B197C6EF40048D450 /* Base */ = {isa = PBXFileReference; lastKnownFileType = file.storyboard; name = Base; path = Base.lproj/Main.storyboard; sourceTree = "<group>"; };
		D9F7694D197C6EF40048D450 /* TWFirstViewController.h */ = {isa = PBXFileReference; lastKnownFileType = sourcecode.c.h; path = TWFirstViewController.h; sourceTree = "<group>"; };
		D9F7694E197C6EF40048D450 /* TWFirstViewController.m */ = {isa = PBXFileReference; lastKnownFileType = sourcecode.c.objc; path = TWFirstViewController.m; sourceTree = "<group>"; };
		D9F76950197C6EF40048D450 /* TWSecondViewController.h */ = {isa = PBXFileReference; lastKnownFileType = sourcecode.c.h; path = TWSecondViewController.h; sourceTree = "<group>"; };
		D9F76951197C6EF40048D450 /* TWSecondViewController.m */ = {isa = PBXFileReference; lastKnownFileType = sourcecode.c.objc; path = TWSecondViewController.m; sourceTree = "<group>"; };
		D9F76953197C6EF40048D450 /* Images.xcassets */ = {isa = PBXFileReference; lastKnownFileType = folder.assetcatalog; path = Images.xcassets; sourceTree = "<group>"; };
		D9F76959197C6EF40048D450 /* ApplicatinmatchTests.xctest */ = {isa = PBXFileReference; explicitFileType = wrapper.cfbundle; includeInIndex = 0; path = ApplicatinmatchTests.xctest; sourceTree = BUILT_PRODUCTS_DIR; };
		D9F7695A197C6EF40048D450 /* XCTest.framework */ = {isa = PBXFileReference; lastKnownFileType = wrapper.framework; name = XCTest.framework; path = Library/Frameworks/XCTest.framework; sourceTree = DEVELOPER_DIR; };
		D9F76962197C6EF40048D450 /* ApplicatinmatchTests-Info.plist */ = {isa = PBXFileReference; lastKnownFileType = text.plist.xml; path = "ApplicatinmatchTests-Info.plist"; sourceTree = "<group>"; };
		D9F76964197C6EF40048D450 /* en */ = {isa = PBXFileReference; lastKnownFileType = text.plist.strings; name = en; path = en.lproj/InfoPlist.strings; sourceTree = "<group>"; };
		D9F76966197C6EF40048D450 /* ApplicatinmatchTests.m */ = {isa = PBXFileReference; lastKnownFileType = sourcecode.c.objc; path = ApplicatinmatchTests.m; sourceTree = "<group>"; };
/* End PBXFileReference section */

/* Begin PBXFrameworksBuildPhase section */
		D9F76932197C6EF40048D450 /* Frameworks */ = {
			isa = PBXFrameworksBuildPhase;
			buildActionMask = 2147483647;
			files = (
				D9F7693B197C6EF40048D450 /* CoreGraphics.framework in Frameworks */,
				D9F7693D197C6EF40048D450 /* UIKit.framework in Frameworks */,
				D9F76939197C6EF40048D450 /* Foundation.framework in Frameworks */,
			);
			runOnlyForDeploymentPostprocessing = 0;
		};
		D9F76956197C6EF40048D450 /* Frameworks */ = {
			isa = PBXFrameworksBuildPhase;
			buildActionMask = 2147483647;
			files = (
				D9F7695B197C6EF40048D450 /* XCTest.framework in Frameworks */,
				D9F7695D197C6EF40048D450 /* UIKit.framework in Frameworks */,
				D9F7695C197C6EF40048D450 /* Foundation.framework in Frameworks */,
			);
			runOnlyForDeploymentPostprocessing = 0;
		};
/* End PBXFrameworksBuildPhase section */

/* Begin PBXGroup section */
		D9F7692C197C6EF40048D450 = {
			isa = PBXGroup;
			children = (
				D9F7693E197C6EF40048D450 /* Applicatinmatch */,
				D9F76960197C6EF40048D450 /* ApplicatinmatchTests */,
				D9F76937197C6EF40048D450 /* Frameworks */,
				D9F76936197C6EF40048D450 /* Products */,
			);
			sourceTree = "<group>";
		};
		D9F76936197C6EF40048D450 /* Products */ = {
			isa = PBXGroup;
			children = (
				D9F76935197C6EF40048D450 /* Applicatinmatch.app */,
				D9F76959197C6EF40048D450 /* ApplicatinmatchTests.xctest */,
			);
			name = Products;
			sourceTree = "<group>";
		};
		D9F76937197C6EF40048D450 /* Frameworks */ = {
			isa = PBXGroup;
			children = (
				D9F76938197C6EF40048D450 /* Foundation.framework */,
				D9F7693A197C6EF40048D450 /* CoreGraphics.framework */,
				D9F7693C197C6EF40048D450 /* UIKit.framework */,
				D9F7695A197C6EF40048D450 /* XCTest.framework */,
			);
			name = Frameworks;
			sourceTree = "<group>";
		};
		D9F7693E197C6EF40048D450 /* Applicatinmatch */ = {
			isa = PBXGroup;
			children = (
				D9F76947197C6EF40048D450 /* TWAppDelegate.h */,
				D9F76948197C6EF40048D450 /* TWAppDelegate.m */,
				D9F7694A197C6EF40048D450 /* Main.storyboard */,
				D9F7694D197C6EF40048D450 /* TWFirstViewController.h */,
				D9F7694E197C6EF40048D450 /* TWFirstViewController.m */,
				D9F76950197C6EF40048D450 /* TWSecondViewController.h */,
				D9F76951197C6EF40048D450 /* TWSecondViewController.m */,
				D9F76953197C6EF40048D450 /* Images.xcassets */,
				D9F7693F197C6EF40048D450 /* Supporting Files */,
			);
			path = Applicatinmatch;
			sourceTree = "<group>";
		};
		D9F7693F197C6EF40048D450 /* Supporting Files */ = {
			isa = PBXGroup;
			children = (
				D9F76940197C6EF40048D450 /* Applicatinmatch-Info.plist */,
				D9F76941197C6EF40048D450 /* InfoPlist.strings */,
				D9F76944197C6EF40048D450 /* main.m */,
				D9F76946197C6EF40048D450 /* Applicatinmatch-Prefix.pch */,
			);
			name = "Supporting Files";
			sourceTree = "<group>";
		};
		D9F76960197C6EF40048D450 /* ApplicatinmatchTests */ = {
			isa = PBXGroup;
			children = (
				D9F76966197C6EF40048D450 /* ApplicatinmatchTests.m */,
				D9F76961197C6EF40048D450 /* Supporting Files */,
			);
			path = ApplicatinmatchTests;
			sourceTree = "<group>";
		};
		D9F76961197C6EF40048D450 /* Supporting Files */ = {
			isa = PBXGroup;
			children = (
				D9F76962197C6EF40048D450 /* ApplicatinmatchTests-Info.plist */,
				D9F76963197C6EF40048D450 /* InfoPlist.strings */,
			);
			name = "Supporting Files";
			sourceTree = "<group>";
		};
/* End PBXGroup section */

/* Begin PBXNativeTarget section */
		D9F76934197C6EF40048D450 /* Applicatinmatch */ = {
			isa = PBXNativeTarget;
			buildConfigurationList = D9F7696A197C6EF40048D450 /* Build configuration list for PBXNativeTarget "Applicatinmatch" */;
			buildPhases = (
				D9F76931197C6EF40048D450 /* Sources */,
				D9F76932197C6EF40048D450 /* Frameworks */,
				D9F76933197C6EF40048D450 /* Resources */,
			);
			buildRules = (
			);
			dependencies = (
			);
			name = Applicatinmatch;
			productName = Applicatinmatch;
			productReference = D9F76935197C6EF40048D450 /* Applicatinmatch.app */;
			productType = "com.apple.product-type.application";
		};
		D9F76958197C6EF40048D450 /* ApplicatinmatchTests */ = {
			isa = PBXNativeTarget;
			buildConfigurationList = D9F7696D197C6EF40048D450 /* Build configuration list for PBXNativeTarget "ApplicatinmatchTests" */;
			buildPhases = (
				D9F76955197C6EF40048D450 /* Sources */,
				D9F76956197C6EF40048D450 /* Frameworks */,
				D9F76957197C6EF40048D450 /* Resources */,
			);
			buildRules = (
			);
			dependencies = (
				D9F7695F197C6EF40048D450 /* PBXTargetDependency */,
			);
			name = ApplicatinmatchTests;
			productName = ApplicatinmatchTests;
			productReference = D9F76959197C6EF40048D450 /* ApplicatinmatchTests.xctest */;
			productType = "com.apple.product-type.bundle.unit-test";
		};
/* End PBXNativeTarget section */

/* Begin PBXProject section */
		D9F7692D197C6EF40048D450 /* Project object */ = {
			isa = PBXProject;
			attributes = {
				CLASSPREFIX = TW;
				LastUpgradeCheck = 0510;
				ORGANIZATIONNAME = "Wathik Almayali";
				TargetAttributes = {
					D9F76958197C6EF40048D450 = {
						TestTargetID = D9F76934197C6EF40048D450;
					};
				};
			};
			buildConfigurationList = D9F76930197C6EF40048D450 /* Build configuration list for PBXProject "Applicatinmatch" */;
			compatibilityVersion = "Xcode 3.2";
			developmentRegion = English;
			hasScannedForEncodings = 0;
			knownRegions = (
				en,
				Base,
			);
			mainGroup = D9F7692C197C6EF40048D450;
			productRefGroup = D9F76936197C6EF40048D450 /* Products */;
			projectDirPath = "";
			projectRoot = "";
			targets = (
				D9F76934197C6EF40048D450 /* Applicatinmatch */,
				D9F76958197C6EF40048D450 /* ApplicatinmatchTests */,
			);
		};
/* End PBXProject section */

/* Begin PBXResourcesBuildPhase section */
		D9F76933197C6EF40048D450 /* Resources */ = {
			isa = PBXResourcesBuildPhase;
			buildActionMask = 2147483647;
			files = (
				D9F76954197C6EF40048D450 /* Images.xcassets in Resources */,
				D9F76943197C6EF40048D450 /* InfoPlist.strings in Resources */,
				D9F7694C197C6EF40048D450 /* Main.storyboard in Resources */,
			);
			runOnlyForDeploymentPostprocessing = 0;
		};
		D9F76957197C6EF40048D450 /* Resources */ = {
			isa = PBXResourcesBuildPhase;
			buildActionMask = 2147483647;
			files = (
				D9F76965197C6EF40048D450 /* InfoPlist.strings in Resources */,
			);
			runOnlyForDeploymentPostprocessing = 0;
		};
/* End PBXResourcesBuildPhase section */

/* Begin PBXSourcesBuildPhase section */
		D9F76931197C6EF40048D450 /* Sources */ = {
			isa = PBXSourcesBuildPhase;
			buildActionMask = 2147483647;
			files = (
				D9F7694F197C6EF40048D450 /* TWFirstViewController.m in Sources */,
				D9F76952197C6EF40048D450 /* TWSecondViewController.m in Sources */,
				D9F76945197C6EF40048D450 /* main.m in Sources */,
				D9F76949197C6EF40048D450 /* TWAppDelegate.m in Sources */,
			);
			runOnlyForDeploymentPostprocessing = 0;
		};
		D9F76955197C6EF40048D450 /* Sources */ = {
			isa = PBXSourcesBuildPhase;
			buildActionMask = 2147483647;
			files = (
				D9F76967197C6EF40048D450 /* ApplicatinmatchTests.m in Sources */,
			);
			runOnlyForDeploymentPostprocessing = 0;
		};
/* End PBXSourcesBuildPhase section */

/* Begin PBXTargetDependency section */
		D9F7695F197C6EF40048D450 /* PBXTargetDependency */ = {
			isa = PBXTargetDependency;
			target = D9F76934197C6EF40048D450 /* Applicatinmatch */;
			targetProxy = D9F7695E197C6EF40048D450 /* PBXContainerItemProxy */;
		};
/* End PBXTargetDependency section */

/* Begin PBXVariantGroup section */
		D9F76941197C6EF40048D450 /* InfoPlist.strings */ = {
			isa = PBXVariantGroup;
			children = (
				D9F76942197C6EF40048D450 /* en */,
			);
			name = InfoPlist.strings;
			sourceTree = "<group>";
		};
		D9F7694A197C6EF40048D450 /* Main.storyboard */ = {
			isa = PBXVariantGroup;
			children = (
				D9F7694B197C6EF40048D450 /* Base */,
			);
			name = Main.storyboard;
			sourceTree = "<group>";
		};
		D9F76963197C6EF40048D450 /* InfoPlist.strings */ = {
			isa = PBXVariantGroup;
			children = (
				D9F76964197C6EF40048D450 /* en */,
			);
			name = InfoPlist.strings;
			sourceTree = "<group>";
		};
/* End PBXVariantGroup section */

/* Begin XCBuildConfiguration section */
		D9F76968197C6EF40048D450 /* Debug */ = {
			isa = XCBuildConfiguration;
			buildSettings = {
				ALWAYS_SEARCH_USER_PATHS = NO;
				CLANG_CXX_LANGUAGE_STANDARD = "gnu++0x";
				CLANG_CXX_LIBRARY = "libc++";
				CLANG_ENABLE_MODULES = YES;
				CLANG_ENABLE_OBJC_ARC = YES;
				CLANG_WARN_BOOL_CONVERSION = YES;
				CLANG_WARN_CONSTANT_CONVERSION = YES;
				CLANG_WARN_DIRECT_OBJC_ISA_USAGE = YES_ERROR;
				CLANG_WARN_EMPTY_BODY = YES;
				CLANG_WARN_ENUM_CONVERSION = YES;
				CLANG_WARN_INT_CONVERSION = YES;
				CLANG_WARN_OBJC_ROOT_CLASS = YES_ERROR;
				CLANG_WARN__DUPLICATE_METHOD_MATCH = YES;
				"CODE_SIGN_IDENTITY[sdk=iphoneos*]" = "iPhone Developer";
				COPY_PHASE_STRIP = NO;
				GCC_C_LANGUAGE_STANDARD = gnu99;
				GCC_DYNAMIC_NO_PIC = NO;
				GCC_OPTIMIZATION_LEVEL = 0;
				GCC_PREPROCESSOR_DEFINITIONS = (
					"DEBUG=1",
					"$(inherited)",
				);
				GCC_SYMBOLS_PRIVATE_EXTERN = NO;
				GCC_WARN_64_TO_32_BIT_CONVERSION = YES;
				GCC_WARN_ABOUT_RETURN_TYPE = YES_ERROR;
				GCC_WARN_UNDECLARED_SELECTOR = YES;
				GCC_WARN_UNINITIALIZED_AUTOS = YES_AGGRESSIVE;
				GCC_WARN_UNUSED_FUNCTION = YES;
				GCC_WARN_UNUSED_VARIABLE = YES;
				IPHONEOS_DEPLOYMENT_TARGET = 7.1;
				ONLY_ACTIVE_ARCH = YES;
				SDKROOT = iphoneos;
			};
			name = Debug;
		};
		D9F76969197C6EF40048D450 /* Release */ = {
			isa = XCBuildConfiguration;
			buildSettings = {
				ALWAYS_SEARCH_USER_PATHS = NO;
				CLANG_CXX_LANGUAGE_STANDARD = "gnu++0x";
				CLANG_CXX_LIBRARY = "libc++";
				CLANG_ENABLE_MODULES = YES;
				CLANG_ENABLE_OBJC_ARC = YES;
				CLANG_WARN_BOOL_CONVERSION = YES;
				CLANG_WARN_CONSTANT_CONVERSION = YES;
				CLANG_WARN_DIRECT_OBJC_ISA_USAGE = YES_ERROR;
				CLANG_WARN_EMPTY_BODY = YES;
				CLANG_WARN_ENUM_CONVERSION = YES;
				CLANG_WARN_INT_CONVERSION = YES;
				CLANG_WARN_OBJC_ROOT_CLASS = YES_ERROR;
				CLANG_WARN__DUPLICATE_METHOD_MATCH = YES;
				"CODE_SIGN_IDENTITY[sdk=iphoneos*]" = "iPhone Developer";
				COPY_PHASE_STRIP = YES;
				ENABLE_NS_ASSERTIONS = NO;
				GCC_C_LANGUAGE_STANDARD = gnu99;
				GCC_WARN_64_TO_32_BIT_CONVERSION = YES;
				GCC_WARN_ABOUT_RETURN_TYPE = YES_ERROR;
				GCC_WARN_UNDECLARED_SELECTOR = YES;
				GCC_WARN_UNINITIALIZED_AUTOS = YES_AGGRESSIVE;
				GCC_WARN_UNUSED_FUNCTION = YES;
				GCC_WARN_UNUSED_VARIABLE = YES;
				IPHONEOS_DEPLOYMENT_TARGET = 7.1;
				SDKROOT = iphoneos;
				VALIDATE_PRODUCT = YES;
			};
			name = Release;
		};
		D9F7696B197C6EF40048D450 /* Debug */ = {
			isa = XCBuildConfiguration;
			buildSettings = {
				ASSETCATALOG_COMPILER_APPICON_NAME = AppIcon;
				ASSETCATALOG_COMPILER_LAUNCHIMAGE_NAME = LaunchImage;
				GCC_PRECOMPILE_PREFIX_HEADER = YES;
				GCC_PREFIX_HEADER = "Applicatinmatch/Applicatinmatch-Prefix.pch";
				INFOPLIST_FILE = "Applicatinmatch/Applicatinmatch-Info.plist";
				PRODUCT_NAME = "$(TARGET_NAME)";
				WRAPPER_EXTENSION = app;
			};
			name = Debug;
		};
		D9F7696C197C6EF40048D450 /* Release */ = {
			isa = XCBuildConfiguration;
			buildSettings = {
				ASSETCATALOG_COMPILER_APPICON_NAME = AppIcon;
				ASSETCATALOG_COMPILER_LAUNCHIMAGE_NAME = LaunchImage;
				GCC_PRECOMPILE_PREFIX_HEADER = YES;
				GCC_PREFIX_HEADER = "Applicatinmatch/Applicatinmatch-Prefix.pch";
				INFOPLIST_FILE = "Applicatinmatch/Applicatinmatch-Info.plist";
				PRODUCT_NAME = "$(TARGET_NAME)";
				WRAPPER_EXTENSION = app;
			};
			name = Release;
		};
		D9F7696E197C6EF40048D450 /* Debug */ = {
			isa = XCBuildConfiguration;
			buildSettings = {
				BUNDLE_LOADER = "$(BUILT_PRODUCTS_DIR)/Applicatinmatch.app/Applicatinmatch";
				FRAMEWORK_SEARCH_PATHS = (
					"$(SDKROOT)/Developer/Library/Frameworks",
					"$(inherited)",
					"$(DEVELOPER_FRAMEWORKS_DIR)",
				);
				GCC_PRECOMPILE_PREFIX_HEADER = YES;
				GCC_PREFIX_HEADER = "Applicatinmatch/Applicatinmatch-Prefix.pch";
				GCC_PREPROCESSOR_DEFINITIONS = (
					"DEBUG=1",
					"$(inherited)",
				);
				INFOPLIST_FILE = "ApplicatinmatchTests/ApplicatinmatchTests-Info.plist";
				PRODUCT_NAME = "$(TARGET_NAME)";
				TEST_HOST = "$(BUNDLE_LOADER)";
				WRAPPER_EXTENSION = xctest;
			};
			name = Debug;
		};
		D9F7696F197C6EF40048D450 /* Release */ = {
			isa = XCBuildConfiguration;
			buildSettings = {
				BUNDLE_LOADER = "$(BUILT_PRODUCTS_DIR)/Applicatinmatch.app/Applicatinmatch";
				FRAMEWORK_SEARCH_PATHS = (
					"$(SDKROOT)/Developer/Library/Frameworks",
					"$(inherited)",
					"$(DEVELOPER_FRAMEWORKS_DIR)",
				);
				GCC_PRECOMPILE_PREFIX_HEADER = YES;
				GCC_PREFIX_HEADER = "Applicatinmatch/Applicatinmatch-Prefix.pch";
				INFOPLIST_FILE = "ApplicatinmatchTests/ApplicatinmatchTests-Info.plist";
				PRODUCT_NAME = "$(TARGET_NAME)";
				TEST_HOST = "$(BUNDLE_LOADER)";
				WRAPPER_EXTENSION = xctest;
			};
			name = Release;
		};
/* End XCBuildConfiguration section */

/* Begin XCConfigurationList section */
		D9F76930197C6EF40048D450 /* Build configuration list for PBXProject "Applicatinmatch" */ = {
			isa = XCConfigurationList;
			buildConfigurations = (
				D9F76968197C6EF40048D450 /* Debug */,
				D9F76969197C6EF40048D450 /* Release */,
			);
			defaultConfigurationIsVisible = 0;
			defaultConfigurationName = Release;
		};
		D9F7696A197C6EF40048D450 /* Build configuration list for PBXNativeTarget "Applicatinmatch" */ = {
			isa = XCConfigurationList;
			buildConfigurations = (
				D9F7696B197C6EF40048D450 /* Debug */,
				D9F7696C197C6EF40048D450 /* Release */,
			);
			defaultConfigurationIsVisible = 0;
		};
		D9F7696D197C6EF40048D450 /* Build configuration list for PBXNativeTarget "ApplicatinmatchTests" */ = {
			isa = XCConfigurationList;
			buildConfigurations = (
				D9F7696E197C6EF40048D450 /* Debug */,
				D9F7696F197C6EF40048D450 /* Release */,
			);
			defaultConfigurationIsVisible = 0;
		};
/* End XCConfigurationList section */
	};
	rootObject = D9F7692D197C6EF40048D450 /* Project object */;
}
